// !$*UTF8*$!
{
	archiveVersion = 1;
	classes = {
	};
	objectVersion = 46;
	objects = {

/* Begin PBXBuildFile section */
		C0D701E81EFFF10900CA149C /* AppDelegate.swift in Sources */ = {isa = PBXBuildFile; fileRef = C0D701E71EFFF10900CA149C /* AppDelegate.swift */; };
		C0D701EA1EFFF10900CA149C /* ViewController.swift in Sources */ = {isa = PBXBuildFile; fileRef = C0D701E91EFFF10900CA149C /* ViewController.swift */; };
		C0D701ED1EFFF10900CA149C /* Main.storyboard in Resources */ = {isa = PBXBuildFile; fileRef = C0D701EB1EFFF10900CA149C /* Main.storyboard */; };
		C0D701EF1EFFF10900CA149C /* Assets.xcassets in Resources */ = {isa = PBXBuildFile; fileRef = C0D701EE1EFFF10900CA149C /* Assets.xcassets */; };
		C0D701F21EFFF10900CA149C /* LaunchScreen.storyboard in Resources */ = {isa = PBXBuildFile; fileRef = C0D701F01EFFF10900CA149C /* LaunchScreen.storyboard */; };
		C0D701FD1EFFF10900CA149C /* ProjetoMentoriaTests.swift in Sources */ = {isa = PBXBuildFile; fileRef = C0D701FC1EFFF10900CA149C /* ProjetoMentoriaTests.swift */; };
		C0D702081EFFF10900CA149C /* ProjetoMentoriaUITests.swift in Sources */ = {isa = PBXBuildFile; fileRef = C0D702071EFFF10900CA149C /* ProjetoMentoriaUITests.swift */; };
/* End PBXBuildFile section */

/* Begin PBXContainerItemProxy section */
		C0D701F91EFFF10900CA149C /* PBXContainerItemProxy */ = {
			isa = PBXContainerItemProxy;
			containerPortal = C0D701DC1EFFF10900CA149C /* Project object */;
			proxyType = 1;
			remoteGlobalIDString = C0D701E31EFFF10900CA149C;
			remoteInfo = ProjetoMentoria;
		};
		C0D702041EFFF10900CA149C /* PBXContainerItemProxy */ = {
			isa = PBXContainerItemProxy;
			containerPortal = C0D701DC1EFFF10900CA149C /* Project object */;
			proxyType = 1;
			remoteGlobalIDString = C0D701E31EFFF10900CA149C;
			remoteInfo = ProjetoMentoria;
		};
/* End PBXContainerItemProxy section */

/* Begin PBXFileReference section */
		C0D701E41EFFF10900CA149C /* ProjetoMentoria.app */ = {isa = PBXFileReference; explicitFileType = wrapper.application; includeInIndex = 0; path = ProjetoMentoria.app; sourceTree = BUILT_PRODUCTS_DIR; };
		C0D701E71EFFF10900CA149C /* AppDelegate.swift */ = {isa = PBXFileReference; lastKnownFileType = sourcecode.swift; path = AppDelegate.swift; sourceTree = "<group>"; };
		C0D701E91EFFF10900CA149C /* ViewController.swift */ = {isa = PBXFileReference; lastKnownFileType = sourcecode.swift; path = ViewController.swift; sourceTree = "<group>"; };
		C0D701EC1EFFF10900CA149C /* Base */ = {isa = PBXFileReference; lastKnownFileType = file.storyboard; name = Base; path = Base.lproj/Main.storyboard; sourceTree = "<group>"; };
		C0D701EE1EFFF10900CA149C /* Assets.xcassets */ = {isa = PBXFileReference; lastKnownFileType = folder.assetcatalog; path = Assets.xcassets; sourceTree = "<group>"; };
		C0D701F11EFFF10900CA149C /* Base */ = {isa = PBXFileReference; lastKnownFileType = file.storyboard; name = Base; path = Base.lproj/LaunchScreen.storyboard; sourceTree = "<group>"; };
		C0D701F31EFFF10900CA149C /* Info.plist */ = {isa = PBXFileReference; lastKnownFileType = text.plist.xml; path = Info.plist; sourceTree = "<group>"; };
		C0D701F81EFFF10900CA149C /* ProjetoMentoriaTests.xctest */ = {isa = PBXFileReference; explicitFileType = wrapper.cfbundle; includeInIndex = 0; path = ProjetoMentoriaTests.xctest; sourceTree = BUILT_PRODUCTS_DIR; };
		C0D701FC1EFFF10900CA149C /* ProjetoMentoriaTests.swift */ = {isa = PBXFileReference; lastKnownFileType = sourcecode.swift; path = ProjetoMentoriaTests.swift; sourceTree = "<group>"; };
		C0D701FE1EFFF10900CA149C /* Info.plist */ = {isa = PBXFileReference; lastKnownFileType = text.plist.xml; path = Info.plist; sourceTree = "<group>"; };
		C0D702031EFFF10900CA149C /* ProjetoMentoriaUITests.xctest */ = {isa = PBXFileReference; explicitFileType = wrapper.cfbundle; includeInIndex = 0; path = ProjetoMentoriaUITests.xctest; sourceTree = BUILT_PRODUCTS_DIR; };
		C0D702071EFFF10900CA149C /* ProjetoMentoriaUITests.swift */ = {isa = PBXFileReference; lastKnownFileType = sourcecode.swift; path = ProjetoMentoriaUITests.swift; sourceTree = "<group>"; };
		C0D702091EFFF10900CA149C /* Info.plist */ = {isa = PBXFileReference; lastKnownFileType = text.plist.xml; path = Info.plist; sourceTree = "<group>"; };
/* End PBXFileReference section */

/* Begin PBXFrameworksBuildPhase section */
		C0D701E11EFFF10900CA149C /* Frameworks */ = {
			isa = PBXFrameworksBuildPhase;
			buildActionMask = 2147483647;
			files = (
			);
			runOnlyForDeploymentPostprocessing = 0;
		};
		C0D701F51EFFF10900CA149C /* Frameworks */ = {
			isa = PBXFrameworksBuildPhase;
			buildActionMask = 2147483647;
			files = (
			);
			runOnlyForDeploymentPostprocessing = 0;
		};
		C0D702001EFFF10900CA149C /* Frameworks */ = {
			isa = PBXFrameworksBuildPhase;
			buildActionMask = 2147483647;
			files = (
			);
			runOnlyForDeploymentPostprocessing = 0;
		};
/* End PBXFrameworksBuildPhase section */

/* Begin PBXGroup section */
		C0D701DB1EFFF10900CA149C = {
			isa = PBXGroup;
			children = (
				C0D701E61EFFF10900CA149C /* ProjetoMentoria */,
				C0D701FB1EFFF10900CA149C /* ProjetoMentoriaTests */,
				C0D702061EFFF10900CA149C /* ProjetoMentoriaUITests */,
				C0D701E51EFFF10900CA149C /* Products */,
			);
			sourceTree = "<group>";
		};
		C0D701E51EFFF10900CA149C /* Products */ = {
			isa = PBXGroup;
			children = (
				C0D701E41EFFF10900CA149C /* ProjetoMentoria.app */,
				C0D701F81EFFF10900CA149C /* ProjetoMentoriaTests.xctest */,
				C0D702031EFFF10900CA149C /* ProjetoMentoriaUITests.xctest */,
			);
			name = Products;
			sourceTree = "<group>";
		};
		C0D701E61EFFF10900CA149C /* ProjetoMentoria */ = {
			isa = PBXGroup;
			children = (
				C0D701E71EFFF10900CA149C /* AppDelegate.swift */,
				C0D701E91EFFF10900CA149C /* ViewController.swift */,
				C0D701EB1EFFF10900CA149C /* Main.storyboard */,
				C0D701EE1EFFF10900CA149C /* Assets.xcassets */,
				C0D701F01EFFF10900CA149C /* LaunchScreen.storyboard */,
				C0D701F31EFFF10900CA149C /* Info.plist */,
			);
			path = ProjetoMentoria;
			sourceTree = "<group>";
		};
		C0D701FB1EFFF10900CA149C /* ProjetoMentoriaTests */ = {
			isa = PBXGroup;
			children = (
				C0D701FC1EFFF10900CA149C /* ProjetoMentoriaTests.swift */,
				C0D701FE1EFFF10900CA149C /* Info.plist */,
			);
			path = ProjetoMentoriaTests;
			sourceTree = "<group>";
		};
		C0D702061EFFF10900CA149C /* ProjetoMentoriaUITests */ = {
			isa = PBXGroup;
			children = (
				C0D702071EFFF10900CA149C /* ProjetoMentoriaUITests.swift */,
				C0D702091EFFF10900CA149C /* Info.plist */,
			);
			path = ProjetoMentoriaUITests;
			sourceTree = "<group>";
		};
/* End PBXGroup section */

/* Begin PBXNativeTarget section */
		C0D701E31EFFF10900CA149C /* ProjetoMentoria */ = {
			isa = PBXNativeTarget;
			buildConfigurationList = C0D7020C1EFFF10900CA149C /* Build configuration list for PBXNativeTarget "ProjetoMentoria" */;
			buildPhases = (
				C0D701E01EFFF10900CA149C /* Sources */,
				C0D701E11EFFF10900CA149C /* Frameworks */,
				C0D701E21EFFF10900CA149C /* Resources */,
			);
			buildRules = (
			);
			dependencies = (
			);
			name = ProjetoMentoria;
			productName = ProjetoMentoria;
			productReference = C0D701E41EFFF10900CA149C /* ProjetoMentoria.app */;
			productType = "com.apple.product-type.application";
		};
		C0D701F71EFFF10900CA149C /* ProjetoMentoriaTests */ = {
			isa = PBXNativeTarget;
			buildConfigurationList = C0D7020F1EFFF10900CA149C /* Build configuration list for PBXNativeTarget "ProjetoMentoriaTests" */;
			buildPhases = (
				C0D701F41EFFF10900CA149C /* Sources */,
				C0D701F51EFFF10900CA149C /* Frameworks */,
				C0D701F61EFFF10900CA149C /* Resources */,
			);
			buildRules = (
			);
			dependencies = (
				C0D701FA1EFFF10900CA149C /* PBXTargetDependency */,
			);
			name = ProjetoMentoriaTests;
			productName = ProjetoMentoriaTests;
			productReference = C0D701F81EFFF10900CA149C /* ProjetoMentoriaTests.xctest */;
			productType = "com.apple.product-type.bundle.unit-test";
		};
		C0D702021EFFF10900CA149C /* ProjetoMentoriaUITests */ = {
			isa = PBXNativeTarget;
			buildConfigurationList = C0D702121EFFF10900CA149C /* Build configuration list for PBXNativeTarget "ProjetoMentoriaUITests" */;
			buildPhases = (
				C0D701FF1EFFF10900CA149C /* Sources */,
				C0D702001EFFF10900CA149C /* Frameworks */,
				C0D702011EFFF10900CA149C /* Resources */,
			);
			buildRules = (
			);
			dependencies = (
				C0D702051EFFF10900CA149C /* PBXTargetDependency */,
			);
			name = ProjetoMentoriaUITests;
			productName = ProjetoMentoriaUITests;
			productReference = C0D702031EFFF10900CA149C /* ProjetoMentoriaUITests.xctest */;
			productType = "com.apple.product-type.bundle.ui-testing";
		};
/* End PBXNativeTarget section */

/* Begin PBXProject section */
		C0D701DC1EFFF10900CA149C /* Project object */ = {
			isa = PBXProject;
			attributes = {
				LastSwiftUpdateCheck = 0830;
				LastUpgradeCheck = 0830;
				ORGANIZATIONNAME = "Thiago Moura";
				TargetAttributes = {
					C0D701E31EFFF10900CA149C = {
						CreatedOnToolsVersion = 8.3.3;
						DevelopmentTeam = N755HFEA94;
						ProvisioningStyle = Automatic;
					};
					C0D701F71EFFF10900CA149C = {
						CreatedOnToolsVersion = 8.3.3;
						DevelopmentTeam = N755HFEA94;
						ProvisioningStyle = Automatic;
						TestTargetID = C0D701E31EFFF10900CA149C;
					};
					C0D702021EFFF10900CA149C = {
						CreatedOnToolsVersion = 8.3.3;
						DevelopmentTeam = N755HFEA94;
						ProvisioningStyle = Automatic;
						TestTargetID = C0D701E31EFFF10900CA149C;
					};
				};
			};
			buildConfigurationList = C0D701DF1EFFF10900CA149C /* Build configuration list for PBXProject "ProjetoMentoria" */;
			compatibilityVersion = "Xcode 3.2";
			developmentRegion = English;
			hasScannedForEncodings = 0;
			knownRegions = (
				en,
				Base,
			);
			mainGroup = C0D701DB1EFFF10900CA149C;
			productRefGroup = C0D701E51EFFF10900CA149C /* Products */;
			projectDirPath = "";
			projectRoot = "";
			targets = (
				C0D701E31EFFF10900CA149C /* ProjetoMentoria */,
				C0D701F71EFFF10900CA149C /* ProjetoMentoriaTests */,
				C0D702021EFFF10900CA149C /* ProjetoMentoriaUITests */,
			);
		};
/* End PBXProject section */

/* Begin PBXResourcesBuildPhase section */
		C0D701E21EFFF10900CA149C /* Resources */ = {
			isa = PBXResourcesBuildPhase;
			buildActionMask = 2147483647;
			files = (
				C0D701F21EFFF10900CA149C /* LaunchScreen.storyboard in Resources */,
				C0D701EF1EFFF10900CA149C /* Assets.xcassets in Resources */,
				C0D701ED1EFFF10900CA149C /* Main.storyboard in Resources */,
			);
			runOnlyForDeploymentPostprocessing = 0;
		};
		C0D701F61EFFF10900CA149C /* Resources */ = {
			isa = PBXResourcesBuildPhase;
			buildActionMask = 2147483647;
			files = (
			);
			runOnlyForDeploymentPostprocessing = 0;
		};
		C0D702011EFFF10900CA149C /* Resources */ = {
			isa = PBXResourcesBuildPhase;
			buildActionMask = 2147483647;
			files = (
			);
			runOnlyForDeploymentPostprocessing = 0;
		};
/* End PBXResourcesBuildPhase section */

/* Begin PBXSourcesBuildPhase section */
		C0D701E01EFFF10900CA149C /* Sources */ = {
			isa = PBXSourcesBuildPhase;
			buildActionMask = 2147483647;
			files = (
				C0D701EA1EFFF10900CA149C /* ViewController.swift in Sources */,
				C0D701E81EFFF10900CA149C /* AppDelegate.swift in Sources */,
			);
			runOnlyForDeploymentPostprocessing = 0;
		};
		C0D701F41EFFF10900CA149C /* Sources */ = {
			isa = PBXSourcesBuildPhase;
			buildActionMask = 2147483647;
			files = (
				C0D701FD1EFFF10900CA149C /* ProjetoMentoriaTests.swift in Sources */,
			);
			runOnlyForDeploymentPostprocessing = 0;
		};
		C0D701FF1EFFF10900CA149C /* Sources */ = {
			isa = PBXSourcesBuildPhase;
			buildActionMask = 2147483647;
			files = (
				C0D702081EFFF10900CA149C /* ProjetoMentoriaUITests.swift in Sources */,
			);
			runOnlyForDeploymentPostprocessing = 0;
		};
/* End PBXSourcesBuildPhase section */

/* Begin PBXTargetDependency section */
		C0D701FA1EFFF10900CA149C /* PBXTargetDependency */ = {
			isa = PBXTargetDependency;
			target = C0D701E31EFFF10900CA149C /* ProjetoMentoria */;
			targetProxy = C0D701F91EFFF10900CA149C /* PBXContainerItemProxy */;
		};
		C0D702051EFFF10900CA149C /* PBXTargetDependency */ = {
			isa = PBXTargetDependency;
			target = C0D701E31EFFF10900CA149C /* ProjetoMentoria */;
			targetProxy = C0D702041EFFF10900CA149C /* PBXContainerItemProxy */;
		};
/* End PBXTargetDependency section */

/* Begin PBXVariantGroup section */
		C0D701EB1EFFF10900CA149C /* Main.storyboard */ = {
			isa = PBXVariantGroup;
			children = (
				C0D701EC1EFFF10900CA149C /* Base */,
			);
			name = Main.storyboard;
			sourceTree = "<group>";
		};
		C0D701F01EFFF10900CA149C /* LaunchScreen.storyboard */ = {
			isa = PBXVariantGroup;
			children = (
				C0D701F11EFFF10900CA149C /* Base */,
			);
			name = LaunchScreen.storyboard;
			sourceTree = "<group>";
		};
/* End PBXVariantGroup section */

/* Begin XCBuildConfiguration section */
		C0D7020A1EFFF10900CA149C /* Debug */ = {
			isa = XCBuildConfiguration;
			buildSettings = {
				ALWAYS_SEARCH_USER_PATHS = NO;
				CLANG_ANALYZER_NONNULL = YES;
				CLANG_ANALYZER_NUMBER_OBJECT_CONVERSION = YES_AGGRESSIVE;
				CLANG_CXX_LANGUAGE_STANDARD = "gnu++0x";
				CLANG_CXX_LIBRARY = "libc++";
				CLANG_ENABLE_MODULES = YES;
				CLANG_ENABLE_OBJC_ARC = YES;
				CLANG_WARN_BOOL_CONVERSION = YES;
				CLANG_WARN_CONSTANT_CONVERSION = YES;
				CLANG_WARN_DIRECT_OBJC_ISA_USAGE = YES_ERROR;
				CLANG_WARN_DOCUMENTATION_COMMENTS = YES;
				CLANG_WARN_EMPTY_BODY = YES;
				CLANG_WARN_ENUM_CONVERSION = YES;
				CLANG_WARN_INFINITE_RECURSION = YES;
				CLANG_WARN_INT_CONVERSION = YES;
				CLANG_WARN_OBJC_ROOT_CLASS = YES_ERROR;
				CLANG_WARN_SUSPICIOUS_MOVE = YES;
				CLANG_WARN_UNREACHABLE_CODE = YES;
				CLANG_WARN__DUPLICATE_METHOD_MATCH = YES;
				"CODE_SIGN_IDENTITY[sdk=iphoneos*]" = "iPhone Developer";
				COPY_PHASE_STRIP = NO;
				DEBUG_INFORMATION_FORMAT = dwarf;
				ENABLE_STRICT_OBJC_MSGSEND = YES;
				ENABLE_TESTABILITY = YES;
				GCC_C_LANGUAGE_STANDARD = gnu99;
				GCC_DYNAMIC_NO_PIC = NO;
				GCC_NO_COMMON_BLOCKS = YES;
				GCC_OPTIMIZATION_LEVEL = 0;
				GCC_PREPROCESSOR_DEFINITIONS = (
					"DEBUG=1",
					"$(inherited)",
				);
				GCC_WARN_64_TO_32_BIT_CONVERSION = YES;
				GCC_WARN_ABOUT_RETURN_TYPE = YES_ERROR;
				GCC_WARN_UNDECLARED_SELECTOR = YES;
				GCC_WARN_UNINITIALIZED_AUTOS = YES_AGGRESSIVE;
				GCC_WARN_UNUSED_FUNCTION = YES;
				GCC_WARN_UNUSED_VARIABLE = YES;
				IPHONEOS_DEPLOYMENT_TARGET = 10.3;
				MTL_ENABLE_DEBUG_INFO = YES;
				ONLY_ACTIVE_ARCH = YES;
				SDKROOT = iphoneos;
				SWIFT_ACTIVE_COMPILATION_CONDITIONS = DEBUG;
				SWIFT_OPTIMIZATION_LEVEL = "-Onone";
			};
			name = Debug;
		};
		C0D7020B1EFFF10900CA149C /* Release */ = {
			isa = XCBuildConfiguration;
			buildSettings = {
				ALWAYS_SEARCH_USER_PATHS = NO;
				CLANG_ANALYZER_NONNULL = YES;
				CLANG_ANALYZER_NUMBER_OBJECT_CONVERSION = YES_AGGRESSIVE;
				CLANG_CXX_LANGUAGE_STANDARD = "gnu++0x";
				CLANG_CXX_LIBRARY = "libc++";
				CLANG_ENABLE_MODULES = YES;
				CLANG_ENABLE_OBJC_ARC = YES;
				CLANG_WARN_BOOL_CONVERSION = YES;
				CLANG_WARN_CONSTANT_CONVERSION = YES;
				CLANG_WARN_DIRECT_OBJC_ISA_USAGE = YES_ERROR;
				CLANG_WARN_DOCUMENTATION_COMMENTS = YES;
				CLANG_WARN_EMPTY_BODY = YES;
				CLANG_WARN_ENUM_CONVERSION = YES;
				CLANG_WARN_INFINITE_RECURSION = YES;
				CLANG_WARN_INT_CONVERSION = YES;
				CLANG_WARN_OBJC_ROOT_CLASS = YES_ERROR;
				CLANG_WARN_SUSPICIOUS_MOVE = YES;
				CLANG_WARN_UNREACHABLE_CODE = YES;
				CLANG_WARN__DUPLICATE_METHOD_MATCH = YES;
				"CODE_SIGN_IDENTITY[sdk=iphoneos*]" = "iPhone Developer";
				COPY_PHASE_STRIP = NO;
				DEBUG_INFORMATION_FORMAT = "dwarf-with-dsym";
				ENABLE_NS_ASSERTIONS = NO;
				ENABLE_STRICT_OBJC_MSGSEND = YES;
				GCC_C_LANGUAGE_STANDARD = gnu99;
				GCC_NO_COMMON_BLOCKS = YES;
				GCC_WARN_64_TO_32_BIT_CONVERSION = YES;
				GCC_WARN_ABOUT_RETURN_TYPE = YES_ERROR;
				GCC_WARN_UNDECLARED_SELECTOR = YES;
				GCC_WARN_UNINITIALIZED_AUTOS = YES_AGGRESSIVE;
				GCC_WARN_UNUSED_FUNCTION = YES;
				GCC_WARN_UNUSED_VARIABLE = YES;
				IPHONEOS_DEPLOYMENT_TARGET = 10.3;
				MTL_ENABLE_DEBUG_INFO = NO;
				SDKROOT = iphoneos;
				SWIFT_OPTIMIZATION_LEVEL = "-Owholemodule";
				VALIDATE_PRODUCT = YES;
			};
			name = Release;
		};
		C0D7020D1EFFF10900CA149C /* Debug */ = {
			isa = XCBuildConfiguration;
			buildSettings = {
				ASSETCATALOG_COMPILER_APPICON_NAME = AppIcon;
				DEVELOPMENT_TEAM = N755HFEA94;
				INFOPLIST_FILE = ProjetoMentoria/Info.plist;
				LD_RUNPATH_SEARCH_PATHS = "$(inherited) @executable_path/Frameworks";
				PRODUCT_BUNDLE_IDENTIFIER = br.com.ProjetoMentoria;
				PRODUCT_NAME = "$(TARGET_NAME)";
				SWIFT_VERSION = 3.0;
			};
			name = Debug;
		};
		C0D7020E1EFFF10900CA149C /* Release */ = {
			isa = XCBuildConfiguration;
			buildSettings = {
				ASSETCATALOG_COMPILER_APPICON_NAME = AppIcon;
				DEVELOPMENT_TEAM = N755HFEA94;
				INFOPLIST_FILE = ProjetoMentoria/Info.plist;
				LD_RUNPATH_SEARCH_PATHS = "$(inherited) @executable_path/Frameworks";
				PRODUCT_BUNDLE_IDENTIFIER = br.com.ProjetoMentoria;
				PRODUCT_NAME = "$(TARGET_NAME)";
				SWIFT_VERSION = 3.0;
			};
			name = Release;
		};
		C0D702101EFFF10900CA149C /* Debug */ = {
			isa = XCBuildConfiguration;
			buildSettings = {
				ALWAYS_EMBED_SWIFT_STANDARD_LIBRARIES = YES;
				BUNDLE_LOADER = "$(TEST_HOST)";
				DEVELOPMENT_TEAM = N755HFEA94;
				INFOPLIST_FILE = ProjetoMentoriaTests/Info.plist;
				LD_RUNPATH_SEARCH_PATHS = "$(inherited) @executable_path/Frameworks @loader_path/Frameworks";
				PRODUCT_BUNDLE_IDENTIFIER = br.com.ProjetoMentoriaTests;
				PRODUCT_NAME = "$(TARGET_NAME)";
				SWIFT_VERSION = 3.0;
				TEST_HOST = "$(BUILT_PRODUCTS_DIR)/ProjetoMentoria.app/ProjetoMentoria";
			};
			name = Debug;
		};
		C0D702111EFFF10900CA149C /* Release */ = {
			isa = XCBuildConfiguration;
			buildSettings = {
				ALWAYS_EMBED_SWIFT_STANDARD_LIBRARIES = YES;
				BUNDLE_LOADER = "$(TEST_HOST)";
				DEVELOPMENT_TEAM = N755HFEA94;
				INFOPLIST_FILE = ProjetoMentoriaTests/Info.plist;
				LD_RUNPATH_SEARCH_PATHS = "$(inherited) @executable_path/Frameworks @loader_path/Frameworks";
				PRODUCT_BUNDLE_IDENTIFIER = br.com.ProjetoMentoriaTests;
				PRODUCT_NAME = "$(TARGET_NAME)";
				SWIFT_VERSION = 3.0;
				TEST_HOST = "$(BUILT_PRODUCTS_DIR)/ProjetoMentoria.app/ProjetoMentoria";
			};
			name = Release;
		};
		C0D702131EFFF10900CA149C /* Debug */ = {
			isa = XCBuildConfiguration;
			buildSettings = {
				ALWAYS_EMBED_SWIFT_STANDARD_LIBRARIES = YES;
				DEVELOPMENT_TEAM = N755HFEA94;
				INFOPLIST_FILE = ProjetoMentoriaUITests/Info.plist;
				LD_RUNPATH_SEARCH_PATHS = "$(inherited) @executable_path/Frameworks @loader_path/Frameworks";
				PRODUCT_BUNDLE_IDENTIFIER = br.com.ProjetoMentoriaUITests;
				PRODUCT_NAME = "$(TARGET_NAME)";
				SWIFT_VERSION = 3.0;
				TEST_TARGET_NAME = ProjetoMentoria;
			};
			name = Debug;
		};
		C0D702141EFFF10900CA149C /* Release */ = {
			isa = XCBuildConfiguration;
			buildSettings = {
				ALWAYS_EMBED_SWIFT_STANDARD_LIBRARIES = YES;
				DEVELOPMENT_TEAM = N755HFEA94;
				INFOPLIST_FILE = ProjetoMentoriaUITests/Info.plist;
				LD_RUNPATH_SEARCH_PATHS = "$(inherited) @executable_path/Frameworks @loader_path/Frameworks";
				PRODUCT_BUNDLE_IDENTIFIER = br.com.ProjetoMentoriaUITests;
				PRODUCT_NAME = "$(TARGET_NAME)";
				SWIFT_VERSION = 3.0;
				TEST_TARGET_NAME = ProjetoMentoria;
			};
			name = Release;
		};
/* End XCBuildConfiguration section */

/* Begin XCConfigurationList section */
		C0D701DF1EFFF10900CA149C /* Build configuration list for PBXProject "ProjetoMentoria" */ = {
			isa = XCConfigurationList;
			buildConfigurations = (
				C0D7020A1EFFF10900CA149C /* Debug */,
				C0D7020B1EFFF10900CA149C /* Release */,
			);
			defaultConfigurationIsVisible = 0;
			defaultConfigurationName = Release;
		};
		C0D7020C1EFFF10900CA149C /* Build configuration list for PBXNativeTarget "ProjetoMentoria" */ = {
			isa = XCConfigurationList;
			buildConfigurations = (
				C0D7020D1EFFF10900CA149C /* Debug */,
				C0D7020E1EFFF10900CA149C /* Release */,
			);
			defaultConfigurationIsVisible = 0;
		};
		C0D7020F1EFFF10900CA149C /* Build configuration list for PBXNativeTarget "ProjetoMentoriaTests" */ = {
			isa = XCConfigurationList;
			buildConfigurations = (
				C0D702101EFFF10900CA149C /* Debug */,
				C0D702111EFFF10900CA149C /* Release */,
			);
			defaultConfigurationIsVisible = 0;
		};
		C0D702121EFFF10900CA149C /* Build configuration list for PBXNativeTarget "ProjetoMentoriaUITests" */ = {
			isa = XCConfigurationList;
			buildConfigurations = (
				C0D702131EFFF10900CA149C /* Debug */,
				C0D702141EFFF10900CA149C /* Release */,
			);
			defaultConfigurationIsVisible = 0;
		};
/* End XCConfigurationList section */
	};
	rootObject = C0D701DC1EFFF10900CA149C /* Project object */;
}
